
Microsoft Visual Studio Solution File, Format Version 12.00
# Visual Studio Version 17
VisualStudioVersion = 17.12.35707.178
MinimumVisualStudioVersion = 10.0.40219.1
Project("{FAE04EC0-301F-11D3-BF4B-00C04F79EFBC}") = "PMOC360.Domain", "PMOC360.Domain\PMOC360.Domain.csproj", "{E53939E1-A079-4483-8BE9-21A1F60D21DD}"
EndProject
Project("{FAE04EC0-301F-11D3-BF4B-00C04F79EFBC}") = "PMOC360.Repository", "PMOC360.Repository\PMOC360.Repository.csproj", "{BCA7BB08-68FE-4263-8E3A-399FF8BC2F50}"
EndProject
Project("{FAE04EC0-301F-11D3-BF4B-00C04F79EFBC}") = "PMOC360.Data", "PMOC360.Data\PMOC360.Data.csproj", "{79FD2956-F12D-4A0B-ABC0-72B32FBE641F}"
EndProject
Project("{FAE04EC0-301F-11D3-BF4B-00C04F79EFBC}") = "PMOC360.Service", "PMOC360.Service\PMOC360.Service.csproj", "{9E03A5F2-AE1F-49E9-A072-69A8EB8C6619}"
EndProject
Project("{FAE04EC0-301F-11D3-BF4B-00C04F79EFBC}") = "PMOC360.API", "PMOC360.API\PMOC360.API.csproj", "{00D407A5-4C4A-45E2-B4F1-CD368F00D28B}"
EndProject
Project("{FAE04EC0-301F-11D3-BF4B-00C04F79EFBC}") = "PMOC360.Web", "PMOC360.Web\PMOC360.Web.csproj", "{DAD4EB83-9371-445C-A184-91F27BB52D52}"
EndProject
Global
	GlobalSection(SolutionConfigurationPlatforms) = preSolution
		Debug|Any CPU = Debug|Any CPU
		Release|Any CPU = Release|Any CPU
	EndGlobalSection
	GlobalSection(ProjectConfigurationPlatforms) = postSolution
		{E53939E1-A079-4483-8BE9-21A1F60D21DD}.Debug|Any CPU.ActiveCfg = Debug|Any CPU
		{E53939E1-A079-4483-8BE9-21A1F60D21DD}.Debug|Any CPU.Build.0 = Debug|Any CPU
		{E53939E1-A079-4483-8BE9-21A1F60D21DD}.Release|Any CPU.ActiveCfg = Release|Any CPU
		{E53939E1-A079-4483-8BE9-21A1F60D21DD}.Release|Any CPU.Build.0 = Release|Any CPU
		{BCA7BB08-68FE-4263-8E3A-399FF8BC2F50}.Debug|Any CPU.ActiveCfg = Debug|Any CPU
		{BCA7BB08-68FE-4263-8E3A-399FF8BC2F50}.Debug|Any CPU.Build.0 = Debug|Any CPU
		{BCA7BB08-68FE-4263-8E3A-399FF8BC2F50}.Release|Any CPU.ActiveCfg = Release|Any CPU
		{BCA7BB08-68FE-4263-8E3A-399FF8BC2F50}.Release|Any CPU.Build.0 = Release|Any CPU
		{79FD2956-F12D-4A0B-ABC0-72B32FBE641F}.Debug|Any CPU.ActiveCfg = Debug|Any CPU
		{79FD2956-F12D-4A0B-ABC0-72B32FBE641F}.Debug|Any CPU.Build.0 = Debug|Any CPU
		{79FD2956-F12D-4A0B-ABC0-72B32FBE641F}.Release|Any CPU.ActiveCfg = Release|Any CPU
		{79FD2956-F12D-4A0B-ABC0-72B32FBE641F}.Release|Any CPU.Build.0 = Release|Any CPU
		{9E03A5F2-AE1F-49E9-A072-69A8EB8C6619}.Debug|Any CPU.ActiveCfg = Debug|Any CPU
		{9E03A5F2-AE1F-49E9-A072-69A8EB8C6619}.Debug|Any CPU.Build.0 = Debug|Any CPU
		{9E03A5F2-AE1F-49E9-A072-69A8EB8C6619}.Release|Any CPU.ActiveCfg = Release|Any CPU
		{9E03A5F2-AE1F-49E9-A072-69A8EB8C6619}.Release|Any CPU.Build.0 = Release|Any CPU
		{00D407A5-4C4A-45E2-B4F1-CD368F00D28B}.Debug|Any CPU.ActiveCfg = Debug|Any CPU
		{00D407A5-4C4A-45E2-B4F1-CD368F00D28B}.Debug|Any CPU.Build.0 = Debug|Any CPU
		{00D407A5-4C4A-45E2-B4F1-CD368F00D28B}.Release|Any CPU.ActiveCfg = Release|Any CPU
		{00D407A5-4C4A-45E2-B4F1-CD368F00D28B}.Release|Any CPU.Build.0 = Release|Any CPU
		{DAD4EB83-9371-445C-A184-91F27BB52D52}.Debug|Any CPU.ActiveCfg = Debug|Any CPU
		{DAD4EB83-9371-445C-A184-91F27BB52D52}.Debug|Any CPU.Build.0 = Debug|Any CPU
		{DAD4EB83-9371-445C-A184-91F27BB52D52}.Release|Any CPU.ActiveCfg = Release|Any CPU
		{DAD4EB83-9371-445C-A184-91F27BB52D52}.Release|Any CPU.Build.0 = Release|Any CPU
	EndGlobalSection
	GlobalSection(SolutionProperties) = preSolution
		HideSolutionNode = FALSE
	EndGlobalSection
EndGlobal
